
Microsoft Visual Studio Solution File, Format Version 12.00
# Visual Studio 2013
VisualStudioVersion = 12.0.21005.1
MinimumVisualStudioVersion = 10.0.40219.1
Project("{8BC9CEB8-8B4A-11D0-8D11-00A0C91BC942}") = "prob", "prob\prob.vcxproj", "{CE168AD2-9DCF-461C-9CC8-AB57CD5DEA5E}"
EndProject
Project("{8BC9CEB8-8B4A-11D0-8D11-00A0C91BC942}") = "xllfms", "xllfms\xllfms.vcxproj", "{529763CB-D463-452A-9A08-343A3F6261FA}"
EndProject
Project("{8BC9CEB8-8B4A-11D0-8D11-00A0C91BC942}") = "xll", "..\xll8\xll.vcxproj", "{8B15C18C-4C25-476C-ABBD-88BE05C35A3E}"
EndProject
Project("{8BC9CEB8-8B4A-11D0-8D11-00A0C91BC942}") = "root", "root\root.vcxproj", "{4E9DFB27-EB8C-4A97-8EF4-3064D82DB397}"
EndProject
Project("{2150E333-8FDC-42A3-9474-1A3956D46DE8}") = "Solution Items", "Solution Items", "{C6AED168-96B9-44F3-A248-C93B4B9AF50B}"
EndProject
Project("{8BC9CEB8-8B4A-11D0-8D11-00A0C91BC942}") = "option", "option\option.vcxproj", "{42AE3375-CBB7-4C2F-BA56-16E015904738}"
EndProject
Global
	GlobalSection(SolutionConfigurationPlatforms) = preSolution
		Debug|Win32 = Debug|Win32
		Debug|x64 = Debug|x64
		Release|Win32 = Release|Win32
		Release|x64 = Release|x64
	EndGlobalSection
	GlobalSection(ProjectConfigurationPlatforms) = postSolution
		{CE168AD2-9DCF-461C-9CC8-AB57CD5DEA5E}.Debug|Win32.ActiveCfg = Debug|Win32
		{CE168AD2-9DCF-461C-9CC8-AB57CD5DEA5E}.Debug|Win32.Build.0 = Debug|Win32
		{CE168AD2-9DCF-461C-9CC8-AB57CD5DEA5E}.Debug|x64.ActiveCfg = Debug|Win32
		{CE168AD2-9DCF-461C-9CC8-AB57CD5DEA5E}.Release|Win32.ActiveCfg = Release|Win32
		{CE168AD2-9DCF-461C-9CC8-AB57CD5DEA5E}.Release|Win32.Build.0 = Release|Win32
		{CE168AD2-9DCF-461C-9CC8-AB57CD5DEA5E}.Release|x64.ActiveCfg = Release|Win32
		{529763CB-D463-452A-9A08-343A3F6261FA}.Debug|Win32.ActiveCfg = Debug|Win32
		{529763CB-D463-452A-9A08-343A3F6261FA}.Debug|Win32.Build.0 = Debug|Win32
		{529763CB-D463-452A-9A08-343A3F6261FA}.Debug|x64.ActiveCfg = Debug|Win32
		{529763CB-D463-452A-9A08-343A3F6261FA}.Release|Win32.ActiveCfg = Release|Win32
		{529763CB-D463-452A-9A08-343A3F6261FA}.Release|Win32.Build.0 = Release|Win32
		{529763CB-D463-452A-9A08-343A3F6261FA}.Release|x64.ActiveCfg = Release|Win32
		{8B15C18C-4C25-476C-ABBD-88BE05C35A3E}.Debug|Win32.ActiveCfg = Debug|Win32
		{8B15C18C-4C25-476C-ABBD-88BE05C35A3E}.Debug|Win32.Build.0 = Debug|Win32
		{8B15C18C-4C25-476C-ABBD-88BE05C35A3E}.Debug|x64.ActiveCfg = Debug|x64
		{8B15C18C-4C25-476C-ABBD-88BE05C35A3E}.Debug|x64.Build.0 = Debug|x64
		{8B15C18C-4C25-476C-ABBD-88BE05C35A3E}.Release|Win32.ActiveCfg = Release|Win32
		{8B15C18C-4C25-476C-ABBD-88BE05C35A3E}.Release|Win32.Build.0 = Release|Win32
		{8B15C18C-4C25-476C-ABBD-88BE05C35A3E}.Release|x64.ActiveCfg = Release|x64
		{8B15C18C-4C25-476C-ABBD-88BE05C35A3E}.Release|x64.Build.0 = Release|x64
		{4E9DFB27-EB8C-4A97-8EF4-3064D82DB397}.Debug|Win32.ActiveCfg = Debug|Win32
		{4E9DFB27-EB8C-4A97-8EF4-3064D82DB397}.Debug|Win32.Build.0 = Debug|Win32
		{4E9DFB27-EB8C-4A97-8EF4-3064D82DB397}.Debug|x64.ActiveCfg = Debug|Win32
		{4E9DFB27-EB8C-4A97-8EF4-3064D82DB397}.Release|Win32.ActiveCfg = Release|Win32
		{4E9DFB27-EB8C-4A97-8EF4-3064D82DB397}.Release|Win32.Build.0 = Release|Win32
		{4E9DFB27-EB8C-4A97-8EF4-3064D82DB397}.Release|x64.ActiveCfg = Release|Win32
		{42AE3375-CBB7-4C2F-BA56-16E015904738}.Debug|Win32.ActiveCfg = Debug|Win32
		{42AE3375-CBB7-4C2F-BA56-16E015904738}.Debug|Win32.Build.0 = Debug|Win32
		{42AE3375-CBB7-4C2F-BA56-16E015904738}.Debug|x64.ActiveCfg = Debug|Win32
		{42AE3375-CBB7-4C2F-BA56-16E015904738}.Release|Win32.ActiveCfg = Release|Win32
		{42AE3375-CBB7-4C2F-BA56-16E015904738}.Release|Win32.Build.0 = Release|Win32
		{42AE3375-CBB7-4C2F-BA56-16E015904738}.Release|x64.ActiveCfg = Release|Win32
	EndGlobalSection
	GlobalSection(SolutionProperties) = preSolution
		HideSolutionNode = FALSE
	EndGlobalSection
	GlobalSection(Performance) = preSolution
		HasPerformanceSessions = true
	EndGlobalSection
EndGlobal
