<?xml version="1.0" encoding="utf-8"?>
<Project ToolsVersion="4.0" xmlns="http://schemas.microsoft.com/developer/msbuild/2003">
  <ItemGroup>
    <Filter Include="Source Files">
      <UniqueIdentifier>{4FC737F1-C7A5-4376-A066-2A32D752A2FF}</UniqueIdentifier>
      <Extensions>cpp;c;cc;cxx;def;odl;idl;hpj;bat;asm;asmx</Extensions>
    </Filter>
    <Filter Include="Header Files">
      <UniqueIdentifier>{93995380-89BD-4b04-88EB-625FBE52EBFB}</UniqueIdentifier>
      <Extensions>h;hh;hpp;hxx;hm;inl;inc;xsd</Extensions>
    </Filter>
    <Filter Include="Resource Files">
      <UniqueIdentifier>{67DA6AB6-F800-4c08-8B7A-83BB121AAD01}</UniqueIdentifier>
      <Extensions>rc;ico;cur;bmp;dlg;rc2;rct;bin;rgs;gif;jpg;jpeg;jpe;resx;tiff;tif;png;wav;mfcribbon-ms</Extensions>
    </Filter>
    <Filter Include="float">
      <UniqueIdentifier>{53341c80-6c85-4eec-b44f-e25164823c19}</UniqueIdentifier>
    </Filter>
    <Filter Include="datetime">
      <UniqueIdentifier>{477563aa-c3e2-445a-813a-e35e9689ec07}</UniqueIdentifier>
    </Filter>
    <Filter Include="mkl">
      <UniqueIdentifier>{bf2c22be-8a0b-4644-b033-d5f72dab4d24}</UniqueIdentifier>
    </Filter>
  </ItemGroup>
  <ItemGroup>
    <ClCompile Include="xllmath.cpp">
      <Filter>Source Files</Filter>
    </ClCompile>
    <ClCompile Include="float\float_bits.cpp">
      <Filter>float</Filter>
    </ClCompile>
    <ClCompile Include="float\frexp.cpp">
      <Filter>float</Filter>
    </ClCompile>
    <ClCompile Include="float\ldexp.cpp">
      <Filter>float</Filter>
    </ClCompile>
    <ClCompile Include="float\nextafter.cpp">
      <Filter>float</Filter>
    </ClCompile>
    <ClCompile Include="xllnormal.cpp">
      <Filter>Source Files</Filter>
    </ClCompile>
    <ClCompile Include="float\limits.cpp">
      <Filter>float</Filter>
    </ClCompile>
    <ClCompile Include="float\ulp.cpp">
      <Filter>float</Filter>
    </ClCompile>
    <ClCompile Include="xlllogistic.cpp">
      <Filter>Source Files</Filter>
    </ClCompile>
    <ClCompile Include="xllblack.cpp">
      <Filter>Source Files</Filter>
    </ClCompile>
    <ClCompile Include="xllroot.cpp">
      <Filter>Source Files</Filter>
    </ClCompile>
    <ClCompile Include="xllpwflat.cpp">
      <Filter>Source Files</Filter>
    </ClCompile>
    <ClCompile Include="datetime\datetime.cpp">
      <Filter>datetime</Filter>
    </ClCompile>
    <ClCompile Include="datetime\xlltime.cpp">
      <Filter>datetime</Filter>
    </ClCompile>
    <ClCompile Include="mkl\xlltrnlsp.cpp">
      <Filter>mkl</Filter>
    </ClCompile>
    <ClCompile Include="mkl\xlljacobi.cpp">
      <Filter>mkl</Filter>
    </ClCompile>
    <ClCompile Include="mkl\xllfunction.cpp">
      <Filter>mkl</Filter>
    </ClCompile>
  </ItemGroup>
  <ItemGroup>
    <ClInclude Include="xllfms.h">
      <Filter>Header Files</Filter>
    </ClInclude>
    <ClInclude Include="mkl\xllmkl.h">
      <Filter>mkl</Filter>
    </ClInclude>
  </ItemGroup>
</Project>